
Microsoft Visual Studio Solution File, Format Version 12.00
# Visual Studio 14
VisualStudioVersion = 14.0.25420.1
MinimumVisualStudioVersion = 10.0.40219.1
Project("{FAE04EC0-301F-11D3-BF4B-00C04F79EFBC}") = "HAYC Studio", "HAYC Studio\HAYC Studio.csproj", "{9C748695-1524-4B60-B13E-758814B02342}"
EndProject
Project("{FAE04EC0-301F-11D3-BF4B-00C04F79EFBC}") = "HAYC Message", "HAYC Message\HAYC Message.csproj", "{C983B96C-BCBF-4CFB-8925-BED555A0966E}"
EndProject
Project("{FAE04EC0-301F-11D3-BF4B-00C04F79EFBC}") = "StudioLicenseCreater", "StudioLicenseCreater\StudioLicenseCreater.csproj", "{A96CC0C7-F034-46AF-B3B4-789DB9D10ED8}"
EndProject
Project("{FAE04EC0-301F-11D3-BF4B-00C04F79EFBC}") = "HAYC FaceDetect Service", "HAYC FaceDetect Service\HAYC FaceDetect Service.csproj", "{EC01B08D-78F1-4B25-BAA2-BCC1C5B6E174}"
EndProject
Project("{FAE04EC0-301F-11D3-BF4B-00C04F79EFBC}") = "HAYC Speech Service", "HAYC Speech Service\HAYC Speech Service.csproj", "{86B55DC7-6BE0-407F-974B-3D3265BDEBCD}"
EndProject
Project("{54435603-DBB4-11D2-8724-00A0C9A8B90C}") = "HAYC Studio Setup", "HAYC Studio Setup\HAYC Studio Setup.vdproj", "{F357B8C9-C8C0-4D7D-BBC0-443BDA702029}"
EndProject
Project("{FAE04EC0-301F-11D3-BF4B-00C04F79EFBC}") = "HAYC ProcessCommunicate Library", "HAYC ProcessCommunicate Library\HAYC ProcessCommunicate Library.csproj", "{CACA5700-E563-47B6-AE3B-AB04CDFD9BB8}"
EndProject
Project("{FAE04EC0-301F-11D3-BF4B-00C04F79EFBC}") = "StudioSetupLibrary", "StudioSetupLibrary\StudioSetupLibrary.csproj", "{4E9DA13F-C028-4BE4-997D-438F3ACC4EE2}"
EndProject
Project("{FAE04EC0-301F-11D3-BF4B-00C04F79EFBC}") = "SocketTest", "SocketTest\SocketTest.csproj", "{F47AD726-576E-42B8-918B-BC5E82DE4D42}"
EndProject
Project("{54435603-DBB4-11D2-8724-00A0C9A8B90C}") = "HAYC Studio SetupX86", "HAYC Studio SetupX86\HAYC Studio SetupX86.vdproj", "{3CF56ABB-B8D7-4C18-ACA7-4FB92E5D2348}"
EndProject
Global
	GlobalSection(SolutionConfigurationPlatforms) = preSolution
		Debug|Any CPU = Debug|Any CPU
		Debug|x64 = Debug|x64
		Debug|x86 = Debug|x86
		Release|Any CPU = Release|Any CPU
		Release|x64 = Release|x64
		Release|x86 = Release|x86
	EndGlobalSection
	GlobalSection(ProjectConfigurationPlatforms) = postSolution
		{9C748695-1524-4B60-B13E-758814B02342}.Debug|Any CPU.ActiveCfg = Debug|Any CPU
		{9C748695-1524-4B60-B13E-758814B02342}.Debug|Any CPU.Build.0 = Debug|Any CPU
		{9C748695-1524-4B60-B13E-758814B02342}.Debug|x64.ActiveCfg = Debug|x64
		{9C748695-1524-4B60-B13E-758814B02342}.Debug|x64.Build.0 = Debug|x64
		{9C748695-1524-4B60-B13E-758814B02342}.Debug|x86.ActiveCfg = Debug|x86
		{9C748695-1524-4B60-B13E-758814B02342}.Debug|x86.Build.0 = Debug|x86
		{9C748695-1524-4B60-B13E-758814B02342}.Release|Any CPU.ActiveCfg = Release|Any CPU
		{9C748695-1524-4B60-B13E-758814B02342}.Release|Any CPU.Build.0 = Release|Any CPU
		{9C748695-1524-4B60-B13E-758814B02342}.Release|x64.ActiveCfg = Release|x64
		{9C748695-1524-4B60-B13E-758814B02342}.Release|x64.Build.0 = Release|x64
		{9C748695-1524-4B60-B13E-758814B02342}.Release|x86.ActiveCfg = Release|x86
		{9C748695-1524-4B60-B13E-758814B02342}.Release|x86.Build.0 = Release|x86
		{C983B96C-BCBF-4CFB-8925-BED555A0966E}.Debug|Any CPU.ActiveCfg = Debug|Any CPU
		{C983B96C-BCBF-4CFB-8925-BED555A0966E}.Debug|Any CPU.Build.0 = Debug|Any CPU
		{C983B96C-BCBF-4CFB-8925-BED555A0966E}.Debug|x64.ActiveCfg = Debug|Any CPU
		{C983B96C-BCBF-4CFB-8925-BED555A0966E}.Debug|x64.Build.0 = Debug|Any CPU
		{C983B96C-BCBF-4CFB-8925-BED555A0966E}.Debug|x86.ActiveCfg = Debug|x86
		{C983B96C-BCBF-4CFB-8925-BED555A0966E}.Debug|x86.Build.0 = Debug|x86
		{C983B96C-BCBF-4CFB-8925-BED555A0966E}.Release|Any CPU.ActiveCfg = Release|Any CPU
		{C983B96C-BCBF-4CFB-8925-BED555A0966E}.Release|Any CPU.Build.0 = Release|Any CPU
		{C983B96C-BCBF-4CFB-8925-BED555A0966E}.Release|x64.ActiveCfg = Release|Any CPU
		{C983B96C-BCBF-4CFB-8925-BED555A0966E}.Release|x64.Build.0 = Release|Any CPU
		{C983B96C-BCBF-4CFB-8925-BED555A0966E}.Release|x86.ActiveCfg = Release|x86
		{C983B96C-BCBF-4CFB-8925-BED555A0966E}.Release|x86.Build.0 = Release|x86
		{A96CC0C7-F034-46AF-B3B4-789DB9D10ED8}.Debug|Any CPU.ActiveCfg = Debug|Any CPU
		{A96CC0C7-F034-46AF-B3B4-789DB9D10ED8}.Debug|Any CPU.Build.0 = Debug|Any CPU
		{A96CC0C7-F034-46AF-B3B4-789DB9D10ED8}.Debug|x64.ActiveCfg = Debug|Any CPU
		{A96CC0C7-F034-46AF-B3B4-789DB9D10ED8}.Debug|x64.Build.0 = Debug|Any CPU
		{A96CC0C7-F034-46AF-B3B4-789DB9D10ED8}.Debug|x86.ActiveCfg = Debug|x86
		{A96CC0C7-F034-46AF-B3B4-789DB9D10ED8}.Debug|x86.Build.0 = Debug|x86
		{A96CC0C7-F034-46AF-B3B4-789DB9D10ED8}.Release|Any CPU.ActiveCfg = Release|Any CPU
		{A96CC0C7-F034-46AF-B3B4-789DB9D10ED8}.Release|Any CPU.Build.0 = Release|Any CPU
		{A96CC0C7-F034-46AF-B3B4-789DB9D10ED8}.Release|x64.ActiveCfg = Release|Any CPU
		{A96CC0C7-F034-46AF-B3B4-789DB9D10ED8}.Release|x64.Build.0 = Release|Any CPU
		{A96CC0C7-F034-46AF-B3B4-789DB9D10ED8}.Release|x86.ActiveCfg = Release|x86
		{A96CC0C7-F034-46AF-B3B4-789DB9D10ED8}.Release|x86.Build.0 = Release|x86
		{EC01B08D-78F1-4B25-BAA2-BCC1C5B6E174}.Debug|Any CPU.ActiveCfg = Debug|Any CPU
		{EC01B08D-78F1-4B25-BAA2-BCC1C5B6E174}.Debug|Any CPU.Build.0 = Debug|Any CPU
		{EC01B08D-78F1-4B25-BAA2-BCC1C5B6E174}.Debug|x64.ActiveCfg = Debug|Any CPU
		{EC01B08D-78F1-4B25-BAA2-BCC1C5B6E174}.Debug|x64.Build.0 = Debug|Any CPU
		{EC01B08D-78F1-4B25-BAA2-BCC1C5B6E174}.Debug|x86.ActiveCfg = Debug|x86
		{EC01B08D-78F1-4B25-BAA2-BCC1C5B6E174}.Debug|x86.Build.0 = Debug|x86
		{EC01B08D-78F1-4B25-BAA2-BCC1C5B6E174}.Release|Any CPU.ActiveCfg = Release|Any CPU
		{EC01B08D-78F1-4B25-BAA2-BCC1C5B6E174}.Release|Any CPU.Build.0 = Release|Any CPU
		{EC01B08D-78F1-4B25-BAA2-BCC1C5B6E174}.Release|x64.ActiveCfg = Release|Any CPU
		{EC01B08D-78F1-4B25-BAA2-BCC1C5B6E174}.Release|x64.Build.0 = Release|Any CPU
		{EC01B08D-78F1-4B25-BAA2-BCC1C5B6E174}.Release|x86.ActiveCfg = Release|x86
		{EC01B08D-78F1-4B25-BAA2-BCC1C5B6E174}.Release|x86.Build.0 = Release|x86
		{86B55DC7-6BE0-407F-974B-3D3265BDEBCD}.Debug|Any CPU.ActiveCfg = Debug|Any CPU
		{86B55DC7-6BE0-407F-974B-3D3265BDEBCD}.Debug|Any CPU.Build.0 = Debug|Any CPU
		{86B55DC7-6BE0-407F-974B-3D3265BDEBCD}.Debug|x64.ActiveCfg = Debug|Any CPU
		{86B55DC7-6BE0-407F-974B-3D3265BDEBCD}.Debug|x64.Build.0 = Debug|Any CPU
		{86B55DC7-6BE0-407F-974B-3D3265BDEBCD}.Debug|x86.ActiveCfg = Debug|x86
		{86B55DC7-6BE0-407F-974B-3D3265BDEBCD}.Debug|x86.Build.0 = Debug|x86
		{86B55DC7-6BE0-407F-974B-3D3265BDEBCD}.Release|Any CPU.ActiveCfg = Release|Any CPU
		{86B55DC7-6BE0-407F-974B-3D3265BDEBCD}.Release|Any CPU.Build.0 = Release|Any CPU
		{86B55DC7-6BE0-407F-974B-3D3265BDEBCD}.Release|x64.ActiveCfg = Release|Any CPU
		{86B55DC7-6BE0-407F-974B-3D3265BDEBCD}.Release|x64.Build.0 = Release|Any CPU
		{86B55DC7-6BE0-407F-974B-3D3265BDEBCD}.Release|x86.ActiveCfg = Release|x86
		{86B55DC7-6BE0-407F-974B-3D3265BDEBCD}.Release|x86.Build.0 = Release|x86
		{F357B8C9-C8C0-4D7D-BBC0-443BDA702029}.Debug|Any CPU.ActiveCfg = Debug
		{F357B8C9-C8C0-4D7D-BBC0-443BDA702029}.Debug|x64.ActiveCfg = Debug
		{F357B8C9-C8C0-4D7D-BBC0-443BDA702029}.Debug|x64.Build.0 = Debug
		{F357B8C9-C8C0-4D7D-BBC0-443BDA702029}.Debug|x86.ActiveCfg = Debug
		{F357B8C9-C8C0-4D7D-BBC0-443BDA702029}.Release|Any CPU.ActiveCfg = Release
		{F357B8C9-C8C0-4D7D-BBC0-443BDA702029}.Release|x64.ActiveCfg = Release
		{F357B8C9-C8C0-4D7D-BBC0-443BDA702029}.Release|x86.ActiveCfg = Release
		{CACA5700-E563-47B6-AE3B-AB04CDFD9BB8}.Debug|Any CPU.ActiveCfg = Debug|Any CPU
		{CACA5700-E563-47B6-AE3B-AB04CDFD9BB8}.Debug|Any CPU.Build.0 = Debug|Any CPU
		{CACA5700-E563-47B6-AE3B-AB04CDFD9BB8}.Debug|x64.ActiveCfg = Debug|Any CPU
		{CACA5700-E563-47B6-AE3B-AB04CDFD9BB8}.Debug|x64.Build.0 = Debug|Any CPU
		{CACA5700-E563-47B6-AE3B-AB04CDFD9BB8}.Debug|x86.ActiveCfg = Debug|Any CPU
		{CACA5700-E563-47B6-AE3B-AB04CDFD9BB8}.Debug|x86.Build.0 = Debug|Any CPU
		{CACA5700-E563-47B6-AE3B-AB04CDFD9BB8}.Release|Any CPU.ActiveCfg = Release|Any CPU
		{CACA5700-E563-47B6-AE3B-AB04CDFD9BB8}.Release|Any CPU.Build.0 = Release|Any CPU
		{CACA5700-E563-47B6-AE3B-AB04CDFD9BB8}.Release|x64.ActiveCfg = Release|Any CPU
		{CACA5700-E563-47B6-AE3B-AB04CDFD9BB8}.Release|x64.Build.0 = Release|Any CPU
		{CACA5700-E563-47B6-AE3B-AB04CDFD9BB8}.Release|x86.ActiveCfg = Release|Any CPU
		{CACA5700-E563-47B6-AE3B-AB04CDFD9BB8}.Release|x86.Build.0 = Release|Any CPU
		{4E9DA13F-C028-4BE4-997D-438F3ACC4EE2}.Debug|Any CPU.ActiveCfg = Debug|Any CPU
		{4E9DA13F-C028-4BE4-997D-438F3ACC4EE2}.Debug|Any CPU.Build.0 = Debug|Any CPU
		{4E9DA13F-C028-4BE4-997D-438F3ACC4EE2}.Debug|x64.ActiveCfg = Debug|Any CPU
		{4E9DA13F-C028-4BE4-997D-438F3ACC4EE2}.Debug|x64.Build.0 = Debug|Any CPU
		{4E9DA13F-C028-4BE4-997D-438F3ACC4EE2}.Debug|x86.ActiveCfg = Debug|Any CPU
		{4E9DA13F-C028-4BE4-997D-438F3ACC4EE2}.Debug|x86.Build.0 = Debug|Any CPU
		{4E9DA13F-C028-4BE4-997D-438F3ACC4EE2}.Release|Any CPU.ActiveCfg = Release|Any CPU
		{4E9DA13F-C028-4BE4-997D-438F3ACC4EE2}.Release|Any CPU.Build.0 = Release|Any CPU
		{4E9DA13F-C028-4BE4-997D-438F3ACC4EE2}.Release|x64.ActiveCfg = Release|Any CPU
		{4E9DA13F-C028-4BE4-997D-438F3ACC4EE2}.Release|x64.Build.0 = Release|Any CPU
		{4E9DA13F-C028-4BE4-997D-438F3ACC4EE2}.Release|x86.ActiveCfg = Release|Any CPU
		{4E9DA13F-C028-4BE4-997D-438F3ACC4EE2}.Release|x86.Build.0 = Release|Any CPU
		{F47AD726-576E-42B8-918B-BC5E82DE4D42}.Debug|Any CPU.ActiveCfg = Debug|Any CPU
		{F47AD726-576E-42B8-918B-BC5E82DE4D42}.Debug|Any CPU.Build.0 = Debug|Any CPU
		{F47AD726-576E-42B8-918B-BC5E82DE4D42}.Debug|x64.ActiveCfg = Debug|Any CPU
		{F47AD726-576E-42B8-918B-BC5E82DE4D42}.Debug|x64.Build.0 = Debug|Any CPU
		{F47AD726-576E-42B8-918B-BC5E82DE4D42}.Debug|x86.ActiveCfg = Debug|Any CPU
		{F47AD726-576E-42B8-918B-BC5E82DE4D42}.Debug|x86.Build.0 = Debug|Any CPU
		{F47AD726-576E-42B8-918B-BC5E82DE4D42}.Release|Any CPU.ActiveCfg = Release|Any CPU
		{F47AD726-576E-42B8-918B-BC5E82DE4D42}.Release|Any CPU.Build.0 = Release|Any CPU
		{F47AD726-576E-42B8-918B-BC5E82DE4D42}.Release|x64.ActiveCfg = Release|Any CPU
		{F47AD726-576E-42B8-918B-BC5E82DE4D42}.Release|x64.Build.0 = Release|Any CPU
		{F47AD726-576E-42B8-918B-BC5E82DE4D42}.Release|x86.ActiveCfg = Release|Any CPU
		{F47AD726-576E-42B8-918B-BC5E82DE4D42}.Release|x86.Build.0 = Release|Any CPU
		{3CF56ABB-B8D7-4C18-ACA7-4FB92E5D2348}.Debug|Any CPU.ActiveCfg = Debug
		{3CF56ABB-B8D7-4C18-ACA7-4FB92E5D2348}.Debug|x64.ActiveCfg = Debug
		{3CF56ABB-B8D7-4C18-ACA7-4FB92E5D2348}.Debug|x86.ActiveCfg = Debug
		{3CF56ABB-B8D7-4C18-ACA7-4FB92E5D2348}.Release|Any CPU.ActiveCfg = Release
		{3CF56ABB-B8D7-4C18-ACA7-4FB92E5D2348}.Release|x64.ActiveCfg = Release
		{3CF56ABB-B8D7-4C18-ACA7-4FB92E5D2348}.Release|x86.ActiveCfg = Release
	EndGlobalSection
	GlobalSection(SolutionProperties) = preSolution
		HideSolutionNode = FALSE
	EndGlobalSection
EndGlobal
